
Microsoft Visual Studio Solution File, Format Version 12.00
# Visual Studio Version 16
VisualStudioVersion = 16.0.31019.35
MinimumVisualStudioVersion = 10.0.40219.1
Project("{2150E333-8FDC-42A3-9474-1A3956D46DE8}") = "Layer1-Infrastructure", "Layer1-Infrastructure", "{341212C3-32A8-405D-BD54-1F5A67CBFB73}"
EndProject
Project("{9A19103F-16F7-4668-BE54-9A1E7A4F7556}") = "Makc2021.Layer1", "Makc2021.Layer1\Makc2021.Layer1.csproj", "{38E8AD9A-9BBE-444C-90C1-46FFF7E088C9}"
EndProject
Project("{2150E333-8FDC-42A3-9474-1A3956D46DE8}") = "Layer2-Data", "Layer2-Data", "{EED2B151-0684-4186-939D-5B1772A30216}"
EndProject
Project("{9A19103F-16F7-4668-BE54-9A1E7A4F7556}") = "Makc2021.Layer2", "Makc2021.Layer2\Makc2021.Layer2.csproj", "{7440845C-31BC-4CD8-9D3E-D99DC39E24A6}"
EndProject
Project("{9A19103F-16F7-4668-BE54-9A1E7A4F7556}") = "Makc2021.Layer2.Clients.Oracle", "Makc2021.Layer2.Clients.Oracle\Makc2021.Layer2.Clients.Oracle.csproj", "{6326B7A1-2A95-41B4-A290-4CD85A902D78}"
EndProject
Project("{9A19103F-16F7-4668-BE54-9A1E7A4F7556}") = "Makc2021.Layer2.Clients.PostgreSql", "Makc2021.Layer2.Clients.PostgreSql\Makc2021.Layer2.Clients.PostgreSql.csproj", "{82038BD9-D474-40E9-932C-63A22EC7C380}"
EndProject
Project("{9A19103F-16F7-4668-BE54-9A1E7A4F7556}") = "Makc2021.Layer2.Clients.SqlServer", "Makc2021.Layer2.Clients.SqlServer\Makc2021.Layer2.Clients.SqlServer.csproj", "{63FCE05F-BC37-4D99-9CD2-CB3EBFDE5B81}"
EndProject
Project("{9A19103F-16F7-4668-BE54-9A1E7A4F7556}") = "Makc2021.Layer2.Mappers.EF", "Makc2021.Layer2.Mappers.EF\Makc2021.Layer2.Mappers.EF.csproj", "{21ADED4B-69AC-4EC5-BF7E-63A801C0EF36}"
EndProject
Project("{2150E333-8FDC-42A3-9474-1A3956D46DE8}") = "Layer3-Data Access", "Layer3-Data Access", "{47A6B3F1-6F00-4D69-9EE9-E23F1F6E08EE}"
EndProject
Project("{9A19103F-16F7-4668-BE54-9A1E7A4F7556}") = "Makc2021.Layer3.Sample", "Makc2021.Layer3.Sample\Makc2021.Layer3.Sample.csproj", "{E397244C-04C6-49F4-AD7F-15AB7B9F0513}"
EndProject
Project("{9A19103F-16F7-4668-BE54-9A1E7A4F7556}") = "Makc2021.Layer3.Sample.Clients.Oracle.EF", "Makc2021.Layer3.Sample.Clients.Oracle.EF\Makc2021.Layer3.Sample.Clients.Oracle.EF.csproj", "{42B46182-C1B2-46C5-AC32-9C53BDB05F4C}"
EndProject
Project("{9A19103F-16F7-4668-BE54-9A1E7A4F7556}") = "Makc2021.Layer3.Sample.Clients.PostgreSql.EF", "Makc2021.Layer3.Sample.Clients.PostgreSql.EF\Makc2021.Layer3.Sample.Clients.PostgreSql.EF.csproj", "{E00F81BB-74B6-4767-8DF7-9E6E16734E73}"
EndProject
Project("{9A19103F-16F7-4668-BE54-9A1E7A4F7556}") = "Makc2021.Layer3.Sample.Clients.SqlServer.EF", "Makc2021.Layer3.Sample.Clients.SqlServer.EF\Makc2021.Layer3.Sample.Clients.SqlServer.EF.csproj", "{F172DEB3-DC71-440D-B9B1-ACF2638083A9}"
EndProject
Project("{9A19103F-16F7-4668-BE54-9A1E7A4F7556}") = "Makc2021.Layer3.Sample.Mappers.EF", "Makc2021.Layer3.Sample.Mappers.EF\Makc2021.Layer3.Sample.Mappers.EF.csproj", "{BE51D1FC-3F3F-445B-89D2-1049B117F8B4}"
EndProject
Project("{2150E333-8FDC-42A3-9474-1A3956D46DE8}") = "Layer4-Domain", "Layer4-Domain", "{68AF6A82-37BD-421D-BB84-695C48D9FD08}"
EndProject
Project("{9A19103F-16F7-4668-BE54-9A1E7A4F7556}") = "Makc2021.Layer4.Domains.DummyMain", "Makc2021.Layer4.Domains.DummyMain\Makc2021.Layer4.Domains.DummyMain.csproj", "{B72D3435-6164-4A45-B165-FFFFED0B7AFE}"
EndProject
Project("{9A19103F-16F7-4668-BE54-9A1E7A4F7556}") = "Makc2021.Layer4.Domains.DummyTree", "Makc2021.Layer4.Domains.DummyTree\Makc2021.Layer4.Domains.DummyTree.csproj", "{B70DC64C-1455-4DDA-B464-8B2B45C0A007}"
EndProject
Project("{2150E333-8FDC-42A3-9474-1A3956D46DE8}") = "Layer5-Application", "Layer5-Application", "{E166F396-EF30-4C67-B941-3043B7772419}"
EndProject
Project("{9A19103F-16F7-4668-BE54-9A1E7A4F7556}") = "Makc2021.Layer5.GrpcClient", "Makc2021.Layer5.GrpcClient\Makc2021.Layer5.GrpcClient.csproj", "{76BFDCFD-A5C0-48A0-B5FD-2CEA2510B9CB}"
EndProject
Project("{9A19103F-16F7-4668-BE54-9A1E7A4F7556}") = "Makc2021.Layer5.GrpcServer", "Makc2021.Layer5.GrpcServer\Makc2021.Layer5.GrpcServer.csproj", "{838FF03C-FE5C-40A6-9E6A-1761B0621BBD}"
EndProject
Project("{9A19103F-16F7-4668-BE54-9A1E7A4F7556}") = "Makc2021.Layer5.Server", "Makc2021.Layer5.Server\Makc2021.Layer5.Server.csproj", "{88BABF9B-3633-42A7-894C-A32071AC301A}"
EndProject
Project("{2150E333-8FDC-42A3-9474-1A3956D46DE8}") = "Layer6-Presentation", "Layer6-Presentation", "{12AF3C6F-D56C-4072-9D9B-236686840CEB}"
EndProject
Project("{9A19103F-16F7-4668-BE54-9A1E7A4F7556}") = "Makc2021.Layer6.WebGrpcClient", "Makc2021.Layer6.WebGrpcClient\Makc2021.Layer6.WebGrpcClient.csproj", "{B4A49190-E99C-4F77-8690-2BF9557EF9F1}"
EndProject
Project("{9A19103F-16F7-4668-BE54-9A1E7A4F7556}") = "Makc2021.Layer6.WebGrpcServer", "Makc2021.Layer6.WebGrpcServer\Makc2021.Layer6.WebGrpcServer.csproj", "{B94F54A7-494C-4315-87B1-97206D14B9A4}"
EndProject
Project("{9A19103F-16F7-4668-BE54-9A1E7A4F7556}") = "Makc2021.Layer6.WebHttpServer", "Makc2021.Layer6.WebHttpServer\Makc2021.Layer6.WebHttpServer.csproj", "{75BF35B5-ABDB-4A45-8218-7B09E550621C}"
EndProject
Project("{2150E333-8FDC-42A3-9474-1A3956D46DE8}") = "Solution Items", "Solution Items", "{4C443ADA-A9D6-44C8-8222-5FDF3E6F4FE3}"
	ProjectSection(SolutionItems) = preProject
		.editorconfig = .editorconfig
	EndProjectSection
EndProject
Project("{9A19103F-16F7-4668-BE54-9A1E7A4F7556}") = "Makc2021.Layer4.Domains.DummyMain.Testing", "Makc2021.Layer4.Domains.DummyMain.Testing\Makc2021.Layer4.Domains.DummyMain.Testing.csproj", "{BAA5A2C8-A071-4E0D-BEC5-A6E26BA4913B}"
EndProject
Global
	GlobalSection(SolutionConfigurationPlatforms) = preSolution
		Debug|Any CPU = Debug|Any CPU
		Release|Any CPU = Release|Any CPU
	EndGlobalSection
	GlobalSection(ProjectConfigurationPlatforms) = postSolution
		{38E8AD9A-9BBE-444C-90C1-46FFF7E088C9}.Debug|Any CPU.ActiveCfg = Debug|Any CPU
		{38E8AD9A-9BBE-444C-90C1-46FFF7E088C9}.Debug|Any CPU.Build.0 = Debug|Any CPU
		{38E8AD9A-9BBE-444C-90C1-46FFF7E088C9}.Release|Any CPU.ActiveCfg = Release|Any CPU
		{38E8AD9A-9BBE-444C-90C1-46FFF7E088C9}.Release|Any CPU.Build.0 = Release|Any CPU
		{7440845C-31BC-4CD8-9D3E-D99DC39E24A6}.Debug|Any CPU.ActiveCfg = Debug|Any CPU
		{7440845C-31BC-4CD8-9D3E-D99DC39E24A6}.Debug|Any CPU.Build.0 = Debug|Any CPU
		{7440845C-31BC-4CD8-9D3E-D99DC39E24A6}.Release|Any CPU.ActiveCfg = Release|Any CPU
		{7440845C-31BC-4CD8-9D3E-D99DC39E24A6}.Release|Any CPU.Build.0 = Release|Any CPU
		{6326B7A1-2A95-41B4-A290-4CD85A902D78}.Debug|Any CPU.ActiveCfg = Debug|Any CPU
		{6326B7A1-2A95-41B4-A290-4CD85A902D78}.Debug|Any CPU.Build.0 = Debug|Any CPU
		{6326B7A1-2A95-41B4-A290-4CD85A902D78}.Release|Any CPU.ActiveCfg = Release|Any CPU
		{6326B7A1-2A95-41B4-A290-4CD85A902D78}.Release|Any CPU.Build.0 = Release|Any CPU
		{82038BD9-D474-40E9-932C-63A22EC7C380}.Debug|Any CPU.ActiveCfg = Debug|Any CPU
		{82038BD9-D474-40E9-932C-63A22EC7C380}.Debug|Any CPU.Build.0 = Debug|Any CPU
		{82038BD9-D474-40E9-932C-63A22EC7C380}.Release|Any CPU.ActiveCfg = Release|Any CPU
		{82038BD9-D474-40E9-932C-63A22EC7C380}.Release|Any CPU.Build.0 = Release|Any CPU
		{63FCE05F-BC37-4D99-9CD2-CB3EBFDE5B81}.Debug|Any CPU.ActiveCfg = Debug|Any CPU
		{63FCE05F-BC37-4D99-9CD2-CB3EBFDE5B81}.Debug|Any CPU.Build.0 = Debug|Any CPU
		{63FCE05F-BC37-4D99-9CD2-CB3EBFDE5B81}.Release|Any CPU.ActiveCfg = Release|Any CPU
		{63FCE05F-BC37-4D99-9CD2-CB3EBFDE5B81}.Release|Any CPU.Build.0 = Release|Any CPU
		{21ADED4B-69AC-4EC5-BF7E-63A801C0EF36}.Debug|Any CPU.ActiveCfg = Debug|Any CPU
		{21ADED4B-69AC-4EC5-BF7E-63A801C0EF36}.Debug|Any CPU.Build.0 = Debug|Any CPU
		{21ADED4B-69AC-4EC5-BF7E-63A801C0EF36}.Release|Any CPU.ActiveCfg = Release|Any CPU
		{21ADED4B-69AC-4EC5-BF7E-63A801C0EF36}.Release|Any CPU.Build.0 = Release|Any CPU
		{E397244C-04C6-49F4-AD7F-15AB7B9F0513}.Debug|Any CPU.ActiveCfg = Debug|Any CPU
		{E397244C-04C6-49F4-AD7F-15AB7B9F0513}.Debug|Any CPU.Build.0 = Debug|Any CPU
		{E397244C-04C6-49F4-AD7F-15AB7B9F0513}.Release|Any CPU.ActiveCfg = Release|Any CPU
		{E397244C-04C6-49F4-AD7F-15AB7B9F0513}.Release|Any CPU.Build.0 = Release|Any CPU
		{42B46182-C1B2-46C5-AC32-9C53BDB05F4C}.Debug|Any CPU.ActiveCfg = Debug|Any CPU
		{42B46182-C1B2-46C5-AC32-9C53BDB05F4C}.Debug|Any CPU.Build.0 = Debug|Any CPU
		{42B46182-C1B2-46C5-AC32-9C53BDB05F4C}.Release|Any CPU.ActiveCfg = Release|Any CPU
		{42B46182-C1B2-46C5-AC32-9C53BDB05F4C}.Release|Any CPU.Build.0 = Release|Any CPU
		{E00F81BB-74B6-4767-8DF7-9E6E16734E73}.Debug|Any CPU.ActiveCfg = Debug|Any CPU
		{E00F81BB-74B6-4767-8DF7-9E6E16734E73}.Debug|Any CPU.Build.0 = Debug|Any CPU
		{E00F81BB-74B6-4767-8DF7-9E6E16734E73}.Release|Any CPU.ActiveCfg = Release|Any CPU
		{E00F81BB-74B6-4767-8DF7-9E6E16734E73}.Release|Any CPU.Build.0 = Release|Any CPU
		{F172DEB3-DC71-440D-B9B1-ACF2638083A9}.Debug|Any CPU.ActiveCfg = Debug|Any CPU
		{F172DEB3-DC71-440D-B9B1-ACF2638083A9}.Debug|Any CPU.Build.0 = Debug|Any CPU
		{F172DEB3-DC71-440D-B9B1-ACF2638083A9}.Release|Any CPU.ActiveCfg = Release|Any CPU
		{F172DEB3-DC71-440D-B9B1-ACF2638083A9}.Release|Any CPU.Build.0 = Release|Any CPU
		{BE51D1FC-3F3F-445B-89D2-1049B117F8B4}.Debug|Any CPU.ActiveCfg = Debug|Any CPU
		{BE51D1FC-3F3F-445B-89D2-1049B117F8B4}.Debug|Any CPU.Build.0 = Debug|Any CPU
		{BE51D1FC-3F3F-445B-89D2-1049B117F8B4}.Release|Any CPU.ActiveCfg = Release|Any CPU
		{BE51D1FC-3F3F-445B-89D2-1049B117F8B4}.Release|Any CPU.Build.0 = Release|Any CPU
		{B72D3435-6164-4A45-B165-FFFFED0B7AFE}.Debug|Any CPU.ActiveCfg = Debug|Any CPU
		{B72D3435-6164-4A45-B165-FFFFED0B7AFE}.Debug|Any CPU.Build.0 = Debug|Any CPU
		{B72D3435-6164-4A45-B165-FFFFED0B7AFE}.Release|Any CPU.ActiveCfg = Release|Any CPU
		{B72D3435-6164-4A45-B165-FFFFED0B7AFE}.Release|Any CPU.Build.0 = Release|Any CPU
		{B70DC64C-1455-4DDA-B464-8B2B45C0A007}.Debug|Any CPU.ActiveCfg = Debug|Any CPU
		{B70DC64C-1455-4DDA-B464-8B2B45C0A007}.Debug|Any CPU.Build.0 = Debug|Any CPU
		{B70DC64C-1455-4DDA-B464-8B2B45C0A007}.Release|Any CPU.ActiveCfg = Release|Any CPU
		{B70DC64C-1455-4DDA-B464-8B2B45C0A007}.Release|Any CPU.Build.0 = Release|Any CPU
		{76BFDCFD-A5C0-48A0-B5FD-2CEA2510B9CB}.Debug|Any CPU.ActiveCfg = Debug|Any CPU
		{76BFDCFD-A5C0-48A0-B5FD-2CEA2510B9CB}.Debug|Any CPU.Build.0 = Debug|Any CPU
		{76BFDCFD-A5C0-48A0-B5FD-2CEA2510B9CB}.Release|Any CPU.ActiveCfg = Release|Any CPU
		{76BFDCFD-A5C0-48A0-B5FD-2CEA2510B9CB}.Release|Any CPU.Build.0 = Release|Any CPU
		{838FF03C-FE5C-40A6-9E6A-1761B0621BBD}.Debug|Any CPU.ActiveCfg = Debug|Any CPU
		{838FF03C-FE5C-40A6-9E6A-1761B0621BBD}.Debug|Any CPU.Build.0 = Debug|Any CPU
		{838FF03C-FE5C-40A6-9E6A-1761B0621BBD}.Release|Any CPU.ActiveCfg = Release|Any CPU
		{838FF03C-FE5C-40A6-9E6A-1761B0621BBD}.Release|Any CPU.Build.0 = Release|Any CPU
		{88BABF9B-3633-42A7-894C-A32071AC301A}.Debug|Any CPU.ActiveCfg = Debug|Any CPU
		{88BABF9B-3633-42A7-894C-A32071AC301A}.Debug|Any CPU.Build.0 = Debug|Any CPU
		{88BABF9B-3633-42A7-894C-A32071AC301A}.Release|Any CPU.ActiveCfg = Release|Any CPU
		{88BABF9B-3633-42A7-894C-A32071AC301A}.Release|Any CPU.Build.0 = Release|Any CPU
		{B4A49190-E99C-4F77-8690-2BF9557EF9F1}.Debug|Any CPU.ActiveCfg = Debug|Any CPU
		{B4A49190-E99C-4F77-8690-2BF9557EF9F1}.Debug|Any CPU.Build.0 = Debug|Any CPU
		{B4A49190-E99C-4F77-8690-2BF9557EF9F1}.Release|Any CPU.ActiveCfg = Release|Any CPU
		{B4A49190-E99C-4F77-8690-2BF9557EF9F1}.Release|Any CPU.Build.0 = Release|Any CPU
		{B94F54A7-494C-4315-87B1-97206D14B9A4}.Debug|Any CPU.ActiveCfg = Debug|Any CPU
		{B94F54A7-494C-4315-87B1-97206D14B9A4}.Debug|Any CPU.Build.0 = Debug|Any CPU
		{B94F54A7-494C-4315-87B1-97206D14B9A4}.Release|Any CPU.ActiveCfg = Release|Any CPU
		{B94F54A7-494C-4315-87B1-97206D14B9A4}.Release|Any CPU.Build.0 = Release|Any CPU
		{75BF35B5-ABDB-4A45-8218-7B09E550621C}.Debug|Any CPU.ActiveCfg = Debug|Any CPU
		{75BF35B5-ABDB-4A45-8218-7B09E550621C}.Debug|Any CPU.Build.0 = Debug|Any CPU
		{75BF35B5-ABDB-4A45-8218-7B09E550621C}.Release|Any CPU.ActiveCfg = Release|Any CPU
		{75BF35B5-ABDB-4A45-8218-7B09E550621C}.Release|Any CPU.Build.0 = Release|Any CPU
		{BAA5A2C8-A071-4E0D-BEC5-A6E26BA4913B}.Debug|Any CPU.ActiveCfg = Debug|Any CPU
		{BAA5A2C8-A071-4E0D-BEC5-A6E26BA4913B}.Debug|Any CPU.Build.0 = Debug|Any CPU
		{BAA5A2C8-A071-4E0D-BEC5-A6E26BA4913B}.Release|Any CPU.ActiveCfg = Release|Any CPU
		{BAA5A2C8-A071-4E0D-BEC5-A6E26BA4913B}.Release|Any CPU.Build.0 = Release|Any CPU
	EndGlobalSection
	GlobalSection(SolutionProperties) = preSolution
		HideSolutionNode = FALSE
	EndGlobalSection
	GlobalSection(NestedProjects) = preSolution
		{38E8AD9A-9BBE-444C-90C1-46FFF7E088C9} = {341212C3-32A8-405D-BD54-1F5A67CBFB73}
		{7440845C-31BC-4CD8-9D3E-D99DC39E24A6} = {EED2B151-0684-4186-939D-5B1772A30216}
		{6326B7A1-2A95-41B4-A290-4CD85A902D78} = {EED2B151-0684-4186-939D-5B1772A30216}
		{82038BD9-D474-40E9-932C-63A22EC7C380} = {EED2B151-0684-4186-939D-5B1772A30216}
		{63FCE05F-BC37-4D99-9CD2-CB3EBFDE5B81} = {EED2B151-0684-4186-939D-5B1772A30216}
		{21ADED4B-69AC-4EC5-BF7E-63A801C0EF36} = {EED2B151-0684-4186-939D-5B1772A30216}
		{E397244C-04C6-49F4-AD7F-15AB7B9F0513} = {47A6B3F1-6F00-4D69-9EE9-E23F1F6E08EE}
		{42B46182-C1B2-46C5-AC32-9C53BDB05F4C} = {47A6B3F1-6F00-4D69-9EE9-E23F1F6E08EE}
		{E00F81BB-74B6-4767-8DF7-9E6E16734E73} = {47A6B3F1-6F00-4D69-9EE9-E23F1F6E08EE}
		{F172DEB3-DC71-440D-B9B1-ACF2638083A9} = {47A6B3F1-6F00-4D69-9EE9-E23F1F6E08EE}
		{BE51D1FC-3F3F-445B-89D2-1049B117F8B4} = {47A6B3F1-6F00-4D69-9EE9-E23F1F6E08EE}
		{B72D3435-6164-4A45-B165-FFFFED0B7AFE} = {68AF6A82-37BD-421D-BB84-695C48D9FD08}
		{B70DC64C-1455-4DDA-B464-8B2B45C0A007} = {68AF6A82-37BD-421D-BB84-695C48D9FD08}
		{76BFDCFD-A5C0-48A0-B5FD-2CEA2510B9CB} = {E166F396-EF30-4C67-B941-3043B7772419}
		{838FF03C-FE5C-40A6-9E6A-1761B0621BBD} = {E166F396-EF30-4C67-B941-3043B7772419}
		{88BABF9B-3633-42A7-894C-A32071AC301A} = {E166F396-EF30-4C67-B941-3043B7772419}
		{B4A49190-E99C-4F77-8690-2BF9557EF9F1} = {12AF3C6F-D56C-4072-9D9B-236686840CEB}
		{B94F54A7-494C-4315-87B1-97206D14B9A4} = {12AF3C6F-D56C-4072-9D9B-236686840CEB}
		{75BF35B5-ABDB-4A45-8218-7B09E550621C} = {12AF3C6F-D56C-4072-9D9B-236686840CEB}
		{BAA5A2C8-A071-4E0D-BEC5-A6E26BA4913B} = {68AF6A82-37BD-421D-BB84-695C48D9FD08}
	EndGlobalSection
	GlobalSection(ExtensibilityGlobals) = postSolution
		SolutionGuid = {289D4C1C-1685-4872-8BAC-DA4C0585D110}
	EndGlobalSection
EndGlobal
