
Microsoft Visual Studio Solution File, Format Version 12.00
# Visual Studio Version 16
VisualStudioVersion = 16.0.31019.35
MinimumVisualStudioVersion = 10.0.40219.1
Project("{2150E333-8FDC-42A3-9474-1A3956D46DE8}") = "Layer0", "Layer0", "{12AF3C6F-D56C-4072-9D9B-236686840CEB}"
EndProject
Project("{9A19103F-16F7-4668-BE54-9A1E7A4F7556}") = "Makc2021.Layer0.WebAPI", "Makc2021.Layer0.WebAPI\Makc2021.Layer0.WebAPI.csproj", "{75BF35B5-ABDB-4A45-8218-7B09E550621C}"
EndProject
Project("{2150E333-8FDC-42A3-9474-1A3956D46DE8}") = "Layer1", "Layer1", "{341212C3-32A8-405D-BD54-1F5A67CBFB73}"
EndProject
Project("{FAE04EC0-301F-11D3-BF4B-00C04F79EFBC}") = "Makc2021.Layer1.Caching", "Makc2021.Layer1.Caching\Makc2021.Layer1.Caching.csproj", "{6F07A89D-F0BD-4362-913D-677E8A57266E}"
EndProject
Project("{FAE04EC0-301F-11D3-BF4B-00C04F79EFBC}") = "Makc2021.Layer1.Logging", "Makc2021.Layer1.Logging\Makc2021.Layer1.Logging.csproj", "{748F159E-0A52-46A5-94D4-E64FF44CEBA7}"
EndProject
Project("{9A19103F-16F7-4668-BE54-9A1E7A4F7556}") = "Makc2021.Layer1", "Makc2021.Layer1\Makc2021.Layer1.csproj", "{38E8AD9A-9BBE-444C-90C1-46FFF7E088C9}"
EndProject
Project("{2150E333-8FDC-42A3-9474-1A3956D46DE8}") = "Layer2", "Layer2", "{EED2B151-0684-4186-939D-5B1772A30216}"
EndProject
Project("{9A19103F-16F7-4668-BE54-9A1E7A4F7556}") = "Makc2021.Layer2", "Makc2021.Layer2\Makc2021.Layer2.csproj", "{7440845C-31BC-4CD8-9D3E-D99DC39E24A6}"
EndProject
Project("{9A19103F-16F7-4668-BE54-9A1E7A4F7556}") = "Makc2021.Layer2.DBs.Oracle", "Makc2021.Layer2.DBs.Oracle\Makc2021.Layer2.DBs.Oracle.csproj", "{6326B7A1-2A95-41B4-A290-4CD85A902D78}"
EndProject
Project("{9A19103F-16F7-4668-BE54-9A1E7A4F7556}") = "Makc2021.Layer2.DBs.PostgreSql", "Makc2021.Layer2.DBs.PostgreSql\Makc2021.Layer2.DBs.PostgreSql.csproj", "{82038BD9-D474-40E9-932C-63A22EC7C380}"
EndProject
Project("{9A19103F-16F7-4668-BE54-9A1E7A4F7556}") = "Makc2021.Layer2.DBs.SqlServer", "Makc2021.Layer2.DBs.SqlServer\Makc2021.Layer2.DBs.SqlServer.csproj", "{63FCE05F-BC37-4D99-9CD2-CB3EBFDE5B81}"
EndProject
Project("{9A19103F-16F7-4668-BE54-9A1E7A4F7556}") = "Makc2021.Layer2.ORMs.EF", "Makc2021.Layer2.ORMs.EF\Makc2021.Layer2.ORMs.EF.csproj", "{A43A743B-E9DF-441A-BA2F-FAA6F52704B1}"
EndProject
Project("{9A19103F-16F7-4668-BE54-9A1E7A4F7556}") = "Makc2021.Layer2.Sources.Sample", "Makc2021.Layer2.Sources.Sample\Makc2021.Layer2.Sources.Sample.csproj", "{E397244C-04C6-49F4-AD7F-15AB7B9F0513}"
EndProject
Project("{9A19103F-16F7-4668-BE54-9A1E7A4F7556}") = "Makc2021.Layer2.Sources.Sample.ORMs.EF", "Makc2021.Layer2.Sources.Sample.ORMs.EF\Makc2021.Layer2.Sources.Sample.ORMs.EF.csproj", "{BE51D1FC-3F3F-445B-89D2-1049B117F8B4}"
EndProject
Project("{9A19103F-16F7-4668-BE54-9A1E7A4F7556}") = "Makc2021.Layer2.Sources.Sample.ORMs.EF.DBs.Oracle", "Makc2021.Layer2.Sources.Sample.ORMs.EF.DBs.Oracle\Makc2021.Layer2.Sources.Sample.ORMs.EF.DBs.Oracle.csproj", "{42B46182-C1B2-46C5-AC32-9C53BDB05F4C}"
EndProject
Project("{9A19103F-16F7-4668-BE54-9A1E7A4F7556}") = "Makc2021.Layer2.Sources.Sample.ORMs.EF.DBs.PostgreSql", "Makc2021.Layer2.Sources.Sample.ORMs.EF.DBs.PostgreSql\Makc2021.Layer2.Sources.Sample.ORMs.EF.DBs.PostgreSql.csproj", "{E00F81BB-74B6-4767-8DF7-9E6E16734E73}"
EndProject
Project("{9A19103F-16F7-4668-BE54-9A1E7A4F7556}") = "Makc2021.Layer2.Sources.Sample.ORMs.EF.DBs.SqlServer", "Makc2021.Layer2.Sources.Sample.ORMs.EF.DBs.SqlServer\Makc2021.Layer2.Sources.Sample.ORMs.EF.DBs.SqlServer.csproj", "{F172DEB3-DC71-440D-B9B1-ACF2638083A9}"
EndProject
Global
	GlobalSection(SolutionConfigurationPlatforms) = preSolution
		Debug|Any CPU = Debug|Any CPU
		Release|Any CPU = Release|Any CPU
	EndGlobalSection
	GlobalSection(ProjectConfigurationPlatforms) = postSolution
		{75BF35B5-ABDB-4A45-8218-7B09E550621C}.Debug|Any CPU.ActiveCfg = Debug|Any CPU
		{75BF35B5-ABDB-4A45-8218-7B09E550621C}.Debug|Any CPU.Build.0 = Debug|Any CPU
		{75BF35B5-ABDB-4A45-8218-7B09E550621C}.Release|Any CPU.ActiveCfg = Release|Any CPU
		{75BF35B5-ABDB-4A45-8218-7B09E550621C}.Release|Any CPU.Build.0 = Release|Any CPU
		{38E8AD9A-9BBE-444C-90C1-46FFF7E088C9}.Debug|Any CPU.ActiveCfg = Debug|Any CPU
		{38E8AD9A-9BBE-444C-90C1-46FFF7E088C9}.Debug|Any CPU.Build.0 = Debug|Any CPU
		{38E8AD9A-9BBE-444C-90C1-46FFF7E088C9}.Release|Any CPU.ActiveCfg = Release|Any CPU
		{38E8AD9A-9BBE-444C-90C1-46FFF7E088C9}.Release|Any CPU.Build.0 = Release|Any CPU
		{7440845C-31BC-4CD8-9D3E-D99DC39E24A6}.Debug|Any CPU.ActiveCfg = Debug|Any CPU
		{7440845C-31BC-4CD8-9D3E-D99DC39E24A6}.Debug|Any CPU.Build.0 = Debug|Any CPU
		{7440845C-31BC-4CD8-9D3E-D99DC39E24A6}.Release|Any CPU.ActiveCfg = Release|Any CPU
		{7440845C-31BC-4CD8-9D3E-D99DC39E24A6}.Release|Any CPU.Build.0 = Release|Any CPU
		{6326B7A1-2A95-41B4-A290-4CD85A902D78}.Debug|Any CPU.ActiveCfg = Debug|Any CPU
		{6326B7A1-2A95-41B4-A290-4CD85A902D78}.Debug|Any CPU.Build.0 = Debug|Any CPU
		{6326B7A1-2A95-41B4-A290-4CD85A902D78}.Release|Any CPU.ActiveCfg = Release|Any CPU
		{6326B7A1-2A95-41B4-A290-4CD85A902D78}.Release|Any CPU.Build.0 = Release|Any CPU
		{82038BD9-D474-40E9-932C-63A22EC7C380}.Debug|Any CPU.ActiveCfg = Debug|Any CPU
		{82038BD9-D474-40E9-932C-63A22EC7C380}.Debug|Any CPU.Build.0 = Debug|Any CPU
		{82038BD9-D474-40E9-932C-63A22EC7C380}.Release|Any CPU.ActiveCfg = Release|Any CPU
		{82038BD9-D474-40E9-932C-63A22EC7C380}.Release|Any CPU.Build.0 = Release|Any CPU
		{63FCE05F-BC37-4D99-9CD2-CB3EBFDE5B81}.Debug|Any CPU.ActiveCfg = Debug|Any CPU
		{63FCE05F-BC37-4D99-9CD2-CB3EBFDE5B81}.Debug|Any CPU.Build.0 = Debug|Any CPU
		{63FCE05F-BC37-4D99-9CD2-CB3EBFDE5B81}.Release|Any CPU.ActiveCfg = Release|Any CPU
		{63FCE05F-BC37-4D99-9CD2-CB3EBFDE5B81}.Release|Any CPU.Build.0 = Release|Any CPU
		{A43A743B-E9DF-441A-BA2F-FAA6F52704B1}.Debug|Any CPU.ActiveCfg = Debug|Any CPU
		{A43A743B-E9DF-441A-BA2F-FAA6F52704B1}.Debug|Any CPU.Build.0 = Debug|Any CPU
		{A43A743B-E9DF-441A-BA2F-FAA6F52704B1}.Release|Any CPU.ActiveCfg = Release|Any CPU
		{A43A743B-E9DF-441A-BA2F-FAA6F52704B1}.Release|Any CPU.Build.0 = Release|Any CPU
		{E397244C-04C6-49F4-AD7F-15AB7B9F0513}.Debug|Any CPU.ActiveCfg = Debug|Any CPU
		{E397244C-04C6-49F4-AD7F-15AB7B9F0513}.Debug|Any CPU.Build.0 = Debug|Any CPU
		{E397244C-04C6-49F4-AD7F-15AB7B9F0513}.Release|Any CPU.ActiveCfg = Release|Any CPU
		{E397244C-04C6-49F4-AD7F-15AB7B9F0513}.Release|Any CPU.Build.0 = Release|Any CPU
		{BE51D1FC-3F3F-445B-89D2-1049B117F8B4}.Debug|Any CPU.ActiveCfg = Debug|Any CPU
		{BE51D1FC-3F3F-445B-89D2-1049B117F8B4}.Debug|Any CPU.Build.0 = Debug|Any CPU
		{BE51D1FC-3F3F-445B-89D2-1049B117F8B4}.Release|Any CPU.ActiveCfg = Release|Any CPU
		{BE51D1FC-3F3F-445B-89D2-1049B117F8B4}.Release|Any CPU.Build.0 = Release|Any CPU
		{42B46182-C1B2-46C5-AC32-9C53BDB05F4C}.Debug|Any CPU.ActiveCfg = Debug|Any CPU
		{42B46182-C1B2-46C5-AC32-9C53BDB05F4C}.Debug|Any CPU.Build.0 = Debug|Any CPU
		{42B46182-C1B2-46C5-AC32-9C53BDB05F4C}.Release|Any CPU.ActiveCfg = Release|Any CPU
		{42B46182-C1B2-46C5-AC32-9C53BDB05F4C}.Release|Any CPU.Build.0 = Release|Any CPU
		{E00F81BB-74B6-4767-8DF7-9E6E16734E73}.Debug|Any CPU.ActiveCfg = Debug|Any CPU
		{E00F81BB-74B6-4767-8DF7-9E6E16734E73}.Debug|Any CPU.Build.0 = Debug|Any CPU
		{E00F81BB-74B6-4767-8DF7-9E6E16734E73}.Release|Any CPU.ActiveCfg = Release|Any CPU
		{E00F81BB-74B6-4767-8DF7-9E6E16734E73}.Release|Any CPU.Build.0 = Release|Any CPU
		{F172DEB3-DC71-440D-B9B1-ACF2638083A9}.Debug|Any CPU.ActiveCfg = Debug|Any CPU
		{F172DEB3-DC71-440D-B9B1-ACF2638083A9}.Debug|Any CPU.Build.0 = Debug|Any CPU
		{F172DEB3-DC71-440D-B9B1-ACF2638083A9}.Release|Any CPU.ActiveCfg = Release|Any CPU
		{F172DEB3-DC71-440D-B9B1-ACF2638083A9}.Release|Any CPU.Build.0 = Release|Any CPU
		{748F159E-0A52-46A5-94D4-E64FF44CEBA7}.Debug|Any CPU.ActiveCfg = Debug|Any CPU
		{748F159E-0A52-46A5-94D4-E64FF44CEBA7}.Debug|Any CPU.Build.0 = Debug|Any CPU
		{748F159E-0A52-46A5-94D4-E64FF44CEBA7}.Release|Any CPU.ActiveCfg = Release|Any CPU
		{748F159E-0A52-46A5-94D4-E64FF44CEBA7}.Release|Any CPU.Build.0 = Release|Any CPU
		{6F07A89D-F0BD-4362-913D-677E8A57266E}.Debug|Any CPU.ActiveCfg = Debug|Any CPU
		{6F07A89D-F0BD-4362-913D-677E8A57266E}.Debug|Any CPU.Build.0 = Debug|Any CPU
		{6F07A89D-F0BD-4362-913D-677E8A57266E}.Release|Any CPU.ActiveCfg = Release|Any CPU
		{6F07A89D-F0BD-4362-913D-677E8A57266E}.Release|Any CPU.Build.0 = Release|Any CPU
	EndGlobalSection
	GlobalSection(SolutionProperties) = preSolution
		HideSolutionNode = FALSE
	EndGlobalSection
	GlobalSection(NestedProjects) = preSolution
		{75BF35B5-ABDB-4A45-8218-7B09E550621C} = {12AF3C6F-D56C-4072-9D9B-236686840CEB}
		{38E8AD9A-9BBE-444C-90C1-46FFF7E088C9} = {341212C3-32A8-405D-BD54-1F5A67CBFB73}
		{7440845C-31BC-4CD8-9D3E-D99DC39E24A6} = {EED2B151-0684-4186-939D-5B1772A30216}
		{6326B7A1-2A95-41B4-A290-4CD85A902D78} = {EED2B151-0684-4186-939D-5B1772A30216}
		{82038BD9-D474-40E9-932C-63A22EC7C380} = {EED2B151-0684-4186-939D-5B1772A30216}
		{63FCE05F-BC37-4D99-9CD2-CB3EBFDE5B81} = {EED2B151-0684-4186-939D-5B1772A30216}
		{A43A743B-E9DF-441A-BA2F-FAA6F52704B1} = {EED2B151-0684-4186-939D-5B1772A30216}
		{E397244C-04C6-49F4-AD7F-15AB7B9F0513} = {EED2B151-0684-4186-939D-5B1772A30216}
		{BE51D1FC-3F3F-445B-89D2-1049B117F8B4} = {EED2B151-0684-4186-939D-5B1772A30216}
		{42B46182-C1B2-46C5-AC32-9C53BDB05F4C} = {EED2B151-0684-4186-939D-5B1772A30216}
		{E00F81BB-74B6-4767-8DF7-9E6E16734E73} = {EED2B151-0684-4186-939D-5B1772A30216}
		{F172DEB3-DC71-440D-B9B1-ACF2638083A9} = {EED2B151-0684-4186-939D-5B1772A30216}
		{748F159E-0A52-46A5-94D4-E64FF44CEBA7} = {341212C3-32A8-405D-BD54-1F5A67CBFB73}
		{6F07A89D-F0BD-4362-913D-677E8A57266E} = {341212C3-32A8-405D-BD54-1F5A67CBFB73}
	EndGlobalSection
	GlobalSection(ExtensibilityGlobals) = postSolution
		SolutionGuid = {289D4C1C-1685-4872-8BAC-DA4C0585D110}
	EndGlobalSection
EndGlobal
